
Microsoft Visual Studio Solution File, Format Version 12.00
# Visual Studio Version 16
VisualStudioVersion = 16.0.29519.181
MinimumVisualStudioVersion = 10.0.40219.1
Project("{FAE04EC0-301F-11D3-BF4B-00C04F79EFBC}") = "DasKino", "DasKino.csproj", "{5582235C-5A35-4840-A486-77B9C7344909}"
EndProject
Global
	GlobalSection(SolutionConfigurationPlatforms) = preSolution
		Debug|Any CPU = Debug|Any CPU
		Release|Any CPU = Release|Any CPU
	EndGlobalSection
	GlobalSection(ProjectConfigurationPlatforms) = postSolution
		{5582235C-5A35-4840-A486-77B9C7344909}.Debug|Any CPU.ActiveCfg = Debug|Any CPU
		{5582235C-5A35-4840-A486-77B9C7344909}.Debug|Any CPU.Build.0 = Debug|Any CPU
		{5582235C-5A35-4840-A486-77B9C7344909}.Release|Any CPU.ActiveCfg = Release|Any CPU
		{5582235C-5A35-4840-A486-77B9C7344909}.Release|Any CPU.Build.0 = Release|Any CPU
	EndGlobalSection
	GlobalSection(SolutionProperties) = preSolution
		HideSolutionNode = FALSE
	EndGlobalSection
	GlobalSection(ExtensibilityGlobals) = postSolution
		SolutionGuid = {9B424D4F-E0A6-4163-937B-3D0F2770CE56}
	EndGlobalSection
EndGlobal
